// !$*UTF8*$!
{
	archiveVersion = 1;
	classes = {
	};
	objectVersion = 56;
	objects = {

/* Begin PBXBuildFile section */
		BA29016029F759F700644CD2 /* PAViewController.swift in Sources */ = {isa = PBXBuildFile; fileRef = BA29015F29F759F700644CD2 /* PAViewController.swift */; };
		BA29016229F78E7900644CD2 /* CASASViewController.swift in Sources */ = {isa = PBXBuildFile; fileRef = BA29016129F78E7900644CD2 /* CASASViewController.swift */; };
		BA29016429F7906800644CD2 /* PLAYAViewController.swift in Sources */ = {isa = PBXBuildFile; fileRef = BA29016329F7906800644CD2 /* PLAYAViewController.swift */; };
		BA41732229F06A7C001F0C88 /* AppDelegate.swift in Sources */ = {isa = PBXBuildFile; fileRef = BA41732129F06A7C001F0C88 /* AppDelegate.swift */; };
		BA41732429F06A7C001F0C88 /* SceneDelegate.swift in Sources */ = {isa = PBXBuildFile; fileRef = BA41732329F06A7C001F0C88 /* SceneDelegate.swift */; };
		BA41732629F06A7C001F0C88 /* ViewController.swift in Sources */ = {isa = PBXBuildFile; fileRef = BA41732529F06A7C001F0C88 /* ViewController.swift */; };
		BA41732929F06A7C001F0C88 /* Main.storyboard in Resources */ = {isa = PBXBuildFile; fileRef = BA41732729F06A7C001F0C88 /* Main.storyboard */; };
		BA41732B29F06A7E001F0C88 /* Assets.xcassets in Resources */ = {isa = PBXBuildFile; fileRef = BA41732A29F06A7E001F0C88 /* Assets.xcassets */; };
		BA41732E29F06A7E001F0C88 /* LaunchScreen.storyboard in Resources */ = {isa = PBXBuildFile; fileRef = BA41732C29F06A7E001F0C88 /* LaunchScreen.storyboard */; };
		BA41733729F088A3001F0C88 /* myCollectionViewCell.swift in Sources */ = {isa = PBXBuildFile; fileRef = BA41733529F088A3001F0C88 /* myCollectionViewCell.swift */; };
		BA41733829F088A3001F0C88 /* myCollectionViewCell.xib in Resources */ = {isa = PBXBuildFile; fileRef = BA41733629F088A3001F0C88 /* myCollectionViewCell.xib */; };
/* End PBXBuildFile section */

/* Begin PBXFileReference section */
		BA29015F29F759F700644CD2 /* PAViewController.swift */ = {isa = PBXFileReference; lastKnownFileType = sourcecode.swift; path = PAViewController.swift; sourceTree = "<group>"; };
		BA29016129F78E7900644CD2 /* CASASViewController.swift */ = {isa = PBXFileReference; lastKnownFileType = sourcecode.swift; path = CASASViewController.swift; sourceTree = "<group>"; };
		BA29016329F7906800644CD2 /* PLAYAViewController.swift */ = {isa = PBXFileReference; lastKnownFileType = sourcecode.swift; path = PLAYAViewController.swift; sourceTree = "<group>"; };
		BA41731E29F06A7C001F0C88 /* AlquilaYa.app */ = {isa = PBXFileReference; explicitFileType = wrapper.application; includeInIndex = 0; path = AlquilaYa.app; sourceTree = BUILT_PRODUCTS_DIR; };
		BA41732129F06A7C001F0C88 /* AppDelegate.swift */ = {isa = PBXFileReference; lastKnownFileType = sourcecode.swift; path = AppDelegate.swift; sourceTree = "<group>"; };
		BA41732329F06A7C001F0C88 /* SceneDelegate.swift */ = {isa = PBXFileReference; lastKnownFileType = sourcecode.swift; path = SceneDelegate.swift; sourceTree = "<group>"; };
		BA41732529F06A7C001F0C88 /* ViewController.swift */ = {isa = PBXFileReference; lastKnownFileType = sourcecode.swift; path = ViewController.swift; sourceTree = "<group>"; };
		BA41732829F06A7C001F0C88 /* Base */ = {isa = PBXFileReference; lastKnownFileType = file.storyboard; name = Base; path = Base.lproj/Main.storyboard; sourceTree = "<group>"; };
		BA41732A29F06A7E001F0C88 /* Assets.xcassets */ = {isa = PBXFileReference; lastKnownFileType = folder.assetcatalog; path = Assets.xcassets; sourceTree = "<group>"; };
		BA41732D29F06A7E001F0C88 /* Base */ = {isa = PBXFileReference; lastKnownFileType = file.storyboard; name = Base; path = Base.lproj/LaunchScreen.storyboard; sourceTree = "<group>"; };
		BA41732F29F06A7E001F0C88 /* Info.plist */ = {isa = PBXFileReference; lastKnownFileType = text.plist.xml; path = Info.plist; sourceTree = "<group>"; };
		BA41733529F088A3001F0C88 /* myCollectionViewCell.swift */ = {isa = PBXFileReference; lastKnownFileType = sourcecode.swift; path = myCollectionViewCell.swift; sourceTree = "<group>"; };
		BA41733629F088A3001F0C88 /* myCollectionViewCell.xib */ = {isa = PBXFileReference; lastKnownFileType = file.xib; path = myCollectionViewCell.xib; sourceTree = "<group>"; };
/* End PBXFileReference section */

/* Begin PBXFrameworksBuildPhase section */
		BA41731B29F06A7C001F0C88 /* Frameworks */ = {
			isa = PBXFrameworksBuildPhase;
			buildActionMask = 2147483647;
			files = (
			);
			runOnlyForDeploymentPostprocessing = 0;
		};
/* End PBXFrameworksBuildPhase section */

/* Begin PBXGroup section */
		BA41731529F06A7C001F0C88 = {
			isa = PBXGroup;
			children = (
				BA41732029F06A7C001F0C88 /* AlquilaYa */,
				BA41731F29F06A7C001F0C88 /* Products */,
			);
			sourceTree = "<group>";
		};
		BA41731F29F06A7C001F0C88 /* Products */ = {
			isa = PBXGroup;
			children = (
				BA41731E29F06A7C001F0C88 /* AlquilaYa.app */,
			);
			name = Products;
			sourceTree = "<group>";
		};
		BA41732029F06A7C001F0C88 /* AlquilaYa */ = {
			isa = PBXGroup;
			children = (
				BA41732129F06A7C001F0C88 /* AppDelegate.swift */,
				BA41732329F06A7C001F0C88 /* SceneDelegate.swift */,
				BA41732529F06A7C001F0C88 /* ViewController.swift */,
				BA41732729F06A7C001F0C88 /* Main.storyboard */,
				BA41732A29F06A7E001F0C88 /* Assets.xcassets */,
				BA41732C29F06A7E001F0C88 /* LaunchScreen.storyboard */,
				BA41732F29F06A7E001F0C88 /* Info.plist */,
				BA41733529F088A3001F0C88 /* myCollectionViewCell.swift */,
				BA41733629F088A3001F0C88 /* myCollectionViewCell.xib */,
				BA29015F29F759F700644CD2 /* PAViewController.swift */,
				BA29016129F78E7900644CD2 /* CASASViewController.swift */,
				BA29016329F7906800644CD2 /* PLAYAViewController.swift */,
			);
			path = AlquilaYa;
			sourceTree = "<group>";
		};
/* End PBXGroup section */

/* Begin PBXNativeTarget section */
		BA41731D29F06A7C001F0C88 /* AlquilaYa */ = {
			isa = PBXNativeTarget;
			buildConfigurationList = BA41733229F06A7E001F0C88 /* Build configuration list for PBXNativeTarget "AlquilaYa" */;
			buildPhases = (
				BA41731A29F06A7C001F0C88 /* Sources */,
				BA41731B29F06A7C001F0C88 /* Frameworks */,
				BA41731C29F06A7C001F0C88 /* Resources */,
			);
			buildRules = (
			);
			dependencies = (
			);
			name = AlquilaYa;
			productName = AlquilaYa;
			productReference = BA41731E29F06A7C001F0C88 /* AlquilaYa.app */;
			productType = "com.apple.product-type.application";
		};
/* End PBXNativeTarget section */

/* Begin PBXProject section */
		BA41731629F06A7C001F0C88 /* Project object */ = {
			isa = PBXProject;
			attributes = {
				BuildIndependentTargetsInParallel = 1;
				LastSwiftUpdateCheck = 1430;
				LastUpgradeCheck = 1430;
				TargetAttributes = {
					BA41731D29F06A7C001F0C88 = {
						CreatedOnToolsVersion = 14.3;
					};
				};
			};
			buildConfigurationList = BA41731929F06A7C001F0C88 /* Build configuration list for PBXProject "AlquilaYa" */;
			compatibilityVersion = "Xcode 14.0";
			developmentRegion = en;
			hasScannedForEncodings = 0;
			knownRegions = (
				en,
				Base,
			);
			mainGroup = BA41731529F06A7C001F0C88;
			productRefGroup = BA41731F29F06A7C001F0C88 /* Products */;
			projectDirPath = "";
			projectRoot = "";
			targets = (
				BA41731D29F06A7C001F0C88 /* AlquilaYa */,
			);
		};
/* End PBXProject section */

/* Begin PBXResourcesBuildPhase section */
		BA41731C29F06A7C001F0C88 /* Resources */ = {
			isa = PBXResourcesBuildPhase;
			buildActionMask = 2147483647;
			files = (
				BA41732E29F06A7E001F0C88 /* LaunchScreen.storyboard in Resources */,
				BA41732B29F06A7E001F0C88 /* Assets.xcassets in Resources */,
				BA41733829F088A3001F0C88 /* myCollectionViewCell.xib in Resources */,
				BA41732929F06A7C001F0C88 /* Main.storyboard in Resources */,
			);
			runOnlyForDeploymentPostprocessing = 0;
		};
/* End PBXResourcesBuildPhase section */

/* Begin PBXSourcesBuildPhase section */
		BA41731A29F06A7C001F0C88 /* Sources */ = {
			isa = PBXSourcesBuildPhase;
			buildActionMask = 2147483647;
			files = (
				BA29016229F78E7900644CD2 /* CASASViewController.swift in Sources */,
				BA29016429F7906800644CD2 /* PLAYAViewController.swift in Sources */,
				BA41732629F06A7C001F0C88 /* ViewController.swift in Sources */,
				BA29016029F759F700644CD2 /* PAViewController.swift in Sources */,
				BA41732229F06A7C001F0C88 /* AppDelegate.swift in Sources */,
				BA41733729F088A3001F0C88 /* myCollectionViewCell.swift in Sources */,
				BA41732429F06A7C001F0C88 /* SceneDelegate.swift in Sources */,
			);
			runOnlyForDeploymentPostprocessing = 0;
		};
/* End PBXSourcesBuildPhase section */

/* Begin PBXVariantGroup section */
		BA41732729F06A7C001F0C88 /* Main.storyboard */ = {
			isa = PBXVariantGroup;
			children = (
				BA41732829F06A7C001F0C88 /* Base */,
			);
			name = Main.storyboard;
			sourceTree = "<group>";
		};
		BA41732C29F06A7E001F0C88 /* LaunchScreen.storyboard */ = {
			isa = PBXVariantGroup;
			children = (
				BA41732D29F06A7E001F0C88 /* Base */,
			);
			name = LaunchScreen.storyboard;
			sourceTree = "<group>";
		};
/* End PBXVariantGroup section */

/* Begin XCBuildConfiguration section */
		BA41733029F06A7E001F0C88 /* Debug */ = {
			isa = XCBuildConfiguration;
			buildSettings = {
				ALWAYS_SEARCH_USER_PATHS = NO;
				CLANG_ANALYZER_NONNULL = YES;
				CLANG_ANALYZER_NUMBER_OBJECT_CONVERSION = YES_AGGRESSIVE;
				CLANG_CXX_LANGUAGE_STANDARD = "gnu++20";
				CLANG_ENABLE_MODULES = YES;
				CLANG_ENABLE_OBJC_ARC = YES;
				CLANG_ENABLE_OBJC_WEAK = YES;
				CLANG_WARN_BLOCK_CAPTURE_AUTORELEASING = YES;
				CLANG_WARN_BOOL_CONVERSION = YES;
				CLANG_WARN_COMMA = YES;
				CLANG_WARN_CONSTANT_CONVERSION = YES;
				CLANG_WARN_DEPRECATED_OBJC_IMPLEMENTATIONS = YES;
				CLANG_WARN_DIRECT_OBJC_ISA_USAGE = YES_ERROR;
				CLANG_WARN_DOCUMENTATION_COMMENTS = YES;
				CLANG_WARN_EMPTY_BODY = YES;
				CLANG_WARN_ENUM_CONVERSION = YES;
				CLANG_WARN_INFINITE_RECURSION = YES;
				CLANG_WARN_INT_CONVERSION = YES;
				CLANG_WARN_NON_LITERAL_NULL_CONVERSION = YES;
				CLANG_WARN_OBJC_IMPLICIT_RETAIN_SELF = YES;
				CLANG_WARN_OBJC_LITERAL_CONVERSION = YES;
				CLANG_WARN_OBJC_ROOT_CLASS = YES_ERROR;
				CLANG_WARN_QUOTED_INCLUDE_IN_FRAMEWORK_HEADER = YES;
				CLANG_WARN_RANGE_LOOP_ANALYSIS = YES;
				CLANG_WARN_STRICT_PROTOTYPES = YES;
				CLANG_WARN_SUSPICIOUS_MOVE = YES;
				CLANG_WARN_UNGUARDED_AVAILABILITY = YES_AGGRESSIVE;
				CLANG_WARN_UNREACHABLE_CODE = YES;
				CLANG_WARN__DUPLICATE_METHOD_MATCH = YES;
				COPY_PHASE_STRIP = NO;
				DEBUG_INFORMATION_FORMAT = dwarf;
				ENABLE_STRICT_OBJC_MSGSEND = YES;
				ENABLE_TESTABILITY = YES;
				GCC_C_LANGUAGE_STANDARD = gnu11;
				GCC_DYNAMIC_NO_PIC = NO;
				GCC_NO_COMMON_BLOCKS = YES;
				GCC_OPTIMIZATION_LEVEL = 0;
				GCC_PREPROCESSOR_DEFINITIONS = (
					"DEBUG=1",
					"$(inherited)",
				);
				GCC_WARN_64_TO_32_BIT_CONVERSION = YES;
				GCC_WARN_ABOUT_RETURN_TYPE = YES_ERROR;
				GCC_WARN_UNDECLARED_SELECTOR = YES;
				GCC_WARN_UNINITIALIZED_AUTOS = YES_AGGRESSIVE;
				GCC_WARN_UNUSED_FUNCTION = YES;
				GCC_WARN_UNUSED_VARIABLE = YES;
				IPHONEOS_DEPLOYMENT_TARGET = 16.4;
				MTL_ENABLE_DEBUG_INFO = INCLUDE_SOURCE;
				MTL_FAST_MATH = YES;
				ONLY_ACTIVE_ARCH = YES;
				SDKROOT = iphoneos;
				SWIFT_ACTIVE_COMPILATION_CONDITIONS = DEBUG;
				SWIFT_OPTIMIZATION_LEVEL = "-Onone";
			};
			name = Debug;
		};
		BA41733129F06A7E001F0C88 /* Release */ = {
			isa = XCBuildConfiguration;
			buildSettings = {
				ALWAYS_SEARCH_USER_PATHS = NO;
				CLANG_ANALYZER_NONNULL = YES;
				CLANG_ANALYZER_NUMBER_OBJECT_CONVERSION = YES_AGGRESSIVE;
				CLANG_CXX_LANGUAGE_STANDARD = "gnu++20";
				CLANG_ENABLE_MODULES = YES;
				CLANG_ENABLE_OBJC_ARC = YES;
				CLANG_ENABLE_OBJC_WEAK = YES;
				CLANG_WARN_BLOCK_CAPTURE_AUTORELEASING = YES;
				CLANG_WARN_BOOL_CONVERSION = YES;
				CLANG_WARN_COMMA = YES;
				CLANG_WARN_CONSTANT_CONVERSION = YES;
				CLANG_WARN_DEPRECATED_OBJC_IMPLEMENTATIONS = YES;
				CLANG_WARN_DIRECT_OBJC_ISA_USAGE = YES_ERROR;
				CLANG_WARN_DOCUMENTATION_COMMENTS = YES;
				CLANG_WARN_EMPTY_BODY = YES;
				CLANG_WARN_ENUM_CONVERSION = YES;
				CLANG_WARN_INFINITE_RECURSION = YES;
				CLANG_WARN_INT_CONVERSION = YES;
				CLANG_WARN_NON_LITERAL_NULL_CONVERSION = YES;
				CLANG_WARN_OBJC_IMPLICIT_RETAIN_SELF = YES;
				CLANG_WARN_OBJC_LITERAL_CONVERSION = YES;
				CLANG_WARN_OBJC_ROOT_CLASS = YES_ERROR;
				CLANG_WARN_QUOTED_INCLUDE_IN_FRAMEWORK_HEADER = YES;
				CLANG_WARN_RANGE_LOOP_ANALYSIS = YES;
				CLANG_WARN_STRICT_PROTOTYPES = YES;
				CLANG_WARN_SUSPICIOUS_MOVE = YES;
				CLANG_WARN_UNGUARDED_AVAILABILITY = YES_AGGRESSIVE;
				CLANG_WARN_UNREACHABLE_CODE = YES;
				CLANG_WARN__DUPLICATE_METHOD_MATCH = YES;
				COPY_PHASE_STRIP = NO;
				DEBUG_INFORMATION_FORMAT = "dwarf-with-dsym";
				ENABLE_NS_ASSERTIONS = NO;
				ENABLE_STRICT_OBJC_MSGSEND = YES;
				GCC_C_LANGUAGE_STANDARD = gnu11;
				GCC_NO_COMMON_BLOCKS = YES;
				GCC_WARN_64_TO_32_BIT_CONVERSION = YES;
				GCC_WARN_ABOUT_RETURN_TYPE = YES_ERROR;
				GCC_WARN_UNDECLARED_SELECTOR = YES;
				GCC_WARN_UNINITIALIZED_AUTOS = YES_AGGRESSIVE;
				GCC_WARN_UNUSED_FUNCTION = YES;
				GCC_WARN_UNUSED_VARIABLE = YES;
				IPHONEOS_DEPLOYMENT_TARGET = 16.4;
				MTL_ENABLE_DEBUG_INFO = NO;
				MTL_FAST_MATH = YES;
				SDKROOT = iphoneos;
				SWIFT_COMPILATION_MODE = wholemodule;
				SWIFT_OPTIMIZATION_LEVEL = "-O";
				VALIDATE_PRODUCT = YES;
			};
			name = Release;
		};
		BA41733329F06A7E001F0C88 /* Debug */ = {
			isa = XCBuildConfiguration;
			buildSettings = {
				ASSETCATALOG_COMPILER_APPICON_NAME = AppIcon;
				ASSETCATALOG_COMPILER_GLOBAL_ACCENT_COLOR_NAME = AccentColor;
				CODE_SIGN_STYLE = Automatic;
				CURRENT_PROJECT_VERSION = 1;
				DEVELOPMENT_TEAM = 8X3L474S4Q;
				GENERATE_INFOPLIST_FILE = YES;
				INFOPLIST_FILE = AlquilaYa/Info.plist;
				INFOPLIST_KEY_UIApplicationSupportsIndirectInputEvents = YES;
				INFOPLIST_KEY_UILaunchStoryboardName = LaunchScreen;
				INFOPLIST_KEY_UIMainStoryboardFile = Main;
				INFOPLIST_KEY_UISupportedInterfaceOrientations_iPad = "UIInterfaceOrientationPortrait UIInterfaceOrientationPortraitUpsideDown UIInterfaceOrientationLandscapeLeft UIInterfaceOrientationLandscapeRight";
				INFOPLIST_KEY_UISupportedInterfaceOrientations_iPhone = "UIInterfaceOrientationPortrait UIInterfaceOrientationLandscapeLeft UIInterfaceOrientationLandscapeRight";
				IPHONEOS_DEPLOYMENT_TARGET = 14.1;
				LD_RUNPATH_SEARCH_PATHS = (
					"$(inherited)",
					"@executable_path/Frameworks",
				);
				MARKETING_VERSION = 1.0;
				PRODUCT_BUNDLE_IDENTIFIER = com.prueba.AlquilaYa;
				PRODUCT_NAME = "$(TARGET_NAME)";
				SWIFT_EMIT_LOC_STRINGS = YES;
				SWIFT_VERSION = 5.0;
				TARGETED_DEVICE_FAMILY = "1,2";
			};
			name = Debug;
		};
		BA41733429F06A7E001F0C88 /* Release */ = {
			isa = XCBuildConfiguration;
			buildSettings = {
				ASSETCATALOG_COMPILER_APPICON_NAME = AppIcon;
				ASSETCATALOG_COMPILER_GLOBAL_ACCENT_COLOR_NAME = AccentColor;
				CODE_SIGN_STYLE = Automatic;
				CURRENT_PROJECT_VERSION = 1;
				DEVELOPMENT_TEAM = 8X3L474S4Q;
				GENERATE_INFOPLIST_FILE = YES;
				INFOPLIST_FILE = AlquilaYa/Info.plist;
				INFOPLIST_KEY_UIApplicationSupportsIndirectInputEvents = YES;
				INFOPLIST_KEY_UILaunchStoryboardName = LaunchScreen;
				INFOPLIST_KEY_UIMainStoryboardFile = Main;
				INFOPLIST_KEY_UISupportedInterfaceOrientations_iPad = "UIInterfaceOrientationPortrait UIInterfaceOrientationPortraitUpsideDown UIInterfaceOrientationLandscapeLeft UIInterfaceOrientationLandscapeRight";
				INFOPLIST_KEY_UISupportedInterfaceOrientations_iPhone = "UIInterfaceOrientationPortrait UIInterfaceOrientationLandscapeLeft UIInterfaceOrientationLandscapeRight";
				IPHONEOS_DEPLOYMENT_TARGET = 14.1;
				LD_RUNPATH_SEARCH_PATHS = (
					"$(inherited)",
					"@executable_path/Frameworks",
				);
				MARKETING_VERSION = 1.0;
				PRODUCT_BUNDLE_IDENTIFIER = com.prueba.AlquilaYa;
				PRODUCT_NAME = "$(TARGET_NAME)";
				SWIFT_EMIT_LOC_STRINGS = YES;
				SWIFT_VERSION = 5.0;
				TARGETED_DEVICE_FAMILY = "1,2";
			};
			name = Release;
		};
/* End XCBuildConfiguration section */

/* Begin XCConfigurationList section */
		BA41731929F06A7C001F0C88 /* Build configuration list for PBXProject "AlquilaYa" */ = {
			isa = XCConfigurationList;
			buildConfigurations = (
				BA41733029F06A7E001F0C88 /* Debug */,
				BA41733129F06A7E001F0C88 /* Release */,
			);
			defaultConfigurationIsVisible = 0;
			defaultConfigurationName = Release;
		};
		BA41733229F06A7E001F0C88 /* Build configuration list for PBXNativeTarget "AlquilaYa" */ = {
			isa = XCConfigurationList;
			buildConfigurations = (
				BA41733329F06A7E001F0C88 /* Debug */,
				BA41733429F06A7E001F0C88 /* Release */,
			);
			defaultConfigurationIsVisible = 0;
			defaultConfigurationName = Release;
		};
/* End XCConfigurationList section */
	};
	rootObject = BA41731629F06A7C001F0C88 /* Project object */;
}
